{
    "name": "blocks",
    "lockfileVersion": 3,
    "requires": true,
    "packages": {
        "": {
            "dependencies": {
                "@editorjs/code": "^2.9",
                "@editorjs/delimiter": "^1.4",
                "@editorjs/header": "^2.8",
                "@editorjs/list": "^1.9",
                "@editorjs/paragraph": "^2.11",
                "@editorjs/quote": "^2.6",
                "@editorjs/raw": "^2.5",
                "@editorjs/table": "^2.3",
                "@editorjs/warning": "^1.4"
            }
        },
        "node_modules/@codexteam/icons": {
            "version": "0.0.5",
            "resolved": "https://registry.npmjs.org/@codexteam/icons/-/icons-0.0.5.tgz",
            "integrity": "sha512-s6H2KXhLz2rgbMZSkRm8dsMJvyUNZsEjxobBEg9ztdrb1B2H3pEzY6iTwI4XUPJWJ3c3qRKwV4TrO3J5jUdoQA=="
        },
        "node_modules/@editorjs/code": {
            "version": "2.9.0",
            "resolved": "https://registry.npmjs.org/@editorjs/code/-/code-2.9.0.tgz",
            "integrity": "sha512-QNOWxF29j6mYl/gM5HJzeGOt3s4laoZCUbuRqj6RkIvLBWMU+ASwjckEiouA61hcYUOMfpw4vQjzhsfC7xm/vA==",
            "dependencies": {
                "@codexteam/icons": "^0.0.5"
            }
        },
        "node_modules/@editorjs/delimiter": {
            "version": "1.4.0",
            "resolved": "https://registry.npmjs.org/@editorjs/delimiter/-/delimiter-1.4.0.tgz",
            "integrity": "sha512-i1Wm3UQsVisM7Fh9focJ1a4kX2l7IxO3zrEd+GmYoPVaNwxb/63GLNbGfCCGZBuvUyzeUDnc8cdhD1QQGwUZIg==",
            "dependencies": {
                "@codexteam/icons": "^0.0.5"
            }
        },
        "node_modules/@editorjs/header": {
            "version": "2.8.1",
            "resolved": "https://registry.npmjs.org/@editorjs/header/-/header-2.8.1.tgz",
            "integrity": "sha512-y0HVXRP7m2W617CWo3fsb5HhXmSLaRpb9GzFx0Vkp/HEm9Dz5YO1s8tC7R8JD3MskwoYh7V0hRFQt39io/r6hA==",
            "dependencies": {
                "@codexteam/icons": "^0.0.5"
            }
        },
        "node_modules/@editorjs/list": {
            "version": "1.9.0",
            "resolved": "https://registry.npmjs.org/@editorjs/list/-/list-1.9.0.tgz",
            "integrity": "sha512-BQEvZW4vi0O0dBvGNljiKxiE89vMSHoM2Tu2OzKUndoj7pY9AxqpgCh1qvwIVsJAlG4Lbt/vBFQilnoStMmI6A==",
            "dependencies": {
                "@codexteam/icons": "^0.0.4"
            }
        },
        "node_modules/@editorjs/list/node_modules/@codexteam/icons": {
            "version": "0.0.4",
            "resolved": "https://registry.npmjs.org/@codexteam/icons/-/icons-0.0.4.tgz",
            "integrity": "sha512-V8N/TY2TGyas4wLrPIFq7bcow68b3gu8DfDt1+rrHPtXxcexadKauRJL6eQgfG7Z0LCrN4boLRawR4S9gjIh/Q=="
        },
        "node_modules/@editorjs/paragraph": {
            "version": "2.11.3",
            "resolved": "https://registry.npmjs.org/@editorjs/paragraph/-/paragraph-2.11.3.tgz",
            "integrity": "sha512-ON72lhvhgWzPrq4VXpHUeut9bsFeJgVATDeL850FVToOwYHKvdsNpfu0VgxEodhkXgzU/IGl4FzdqC2wd3AJUQ==",
            "dependencies": {
                "@codexteam/icons": "^0.0.4"
            }
        },
        "node_modules/@editorjs/paragraph/node_modules/@codexteam/icons": {
            "version": "0.0.4",
            "resolved": "https://registry.npmjs.org/@codexteam/icons/-/icons-0.0.4.tgz",
            "integrity": "sha512-V8N/TY2TGyas4wLrPIFq7bcow68b3gu8DfDt1+rrHPtXxcexadKauRJL6eQgfG7Z0LCrN4boLRawR4S9gjIh/Q=="
        },
        "node_modules/@editorjs/quote": {
            "version": "2.6.0",
            "resolved": "https://registry.npmjs.org/@editorjs/quote/-/quote-2.6.0.tgz",
            "integrity": "sha512-8DiCMBT4n4UDV5bgzvfRH26HmL6YWddGC4+twvjhR+PzX0gwrnY8nFifvro79EeSqxwRtFjjlGnu5I0VTfw5aQ==",
            "dependencies": {
                "@codexteam/icons": "^0.0.5"
            }
        },
        "node_modules/@editorjs/raw": {
            "version": "2.5.0",
            "resolved": "https://registry.npmjs.org/@editorjs/raw/-/raw-2.5.0.tgz",
            "integrity": "sha512-ZOYKgR/sutOXHQ4uaWg8KzZ6yFJZCMTndezlN257GGsQ3Sa3ERcK9wZHKgAMNXaDhdKx9fDuojxRRcYvz6l9aQ==",
            "dependencies": {
                "@codexteam/icons": "^0.0.4"
            }
        },
        "node_modules/@editorjs/raw/node_modules/@codexteam/icons": {
            "version": "0.0.4",
            "resolved": "https://registry.npmjs.org/@codexteam/icons/-/icons-0.0.4.tgz",
            "integrity": "sha512-V8N/TY2TGyas4wLrPIFq7bcow68b3gu8DfDt1+rrHPtXxcexadKauRJL6eQgfG7Z0LCrN4boLRawR4S9gjIh/Q=="
        },
        "node_modules/@editorjs/table": {
            "version": "2.3.0",
            "resolved": "https://registry.npmjs.org/@editorjs/table/-/table-2.3.0.tgz",
            "integrity": "sha512-/dKE6A5FkukX/FpvIyQGsewwXglZk8YbXpEp9vkB6Ec4ETLeGJMxObCcYqbXqVod+IU/a1tFH+j3lsD8ASD41g==",
            "dependencies": {
                "@codexteam/icons": "^0.0.6"
            }
        },
        "node_modules/@editorjs/table/node_modules/@codexteam/icons": {
            "version": "0.0.6",
            "resolved": "https://registry.npmjs.org/@codexteam/icons/-/icons-0.0.6.tgz",
            "integrity": "sha512-L7Q5PET8PjKcBT5wp7VR+FCjwCi5PUp7rd/XjsgQ0CI5FJz0DphyHGRILMuDUdCW2MQT9NHbVr4QP31vwAkS/A=="
        },
        "node_modules/@editorjs/warning": {
            "version": "1.4.0",
            "resolved": "https://registry.npmjs.org/@editorjs/warning/-/warning-1.4.0.tgz",
            "integrity": "sha512-JMYm3hrmN4/S6aHBHzKsJab9+8AJRPaPh9wDGE6QrVF3dj2fCo/DZcc0MaT5TN4YI5Hu4GKBH52wOKFGOyAuoA==",
            "dependencies": {
                "@codexteam/icons": "^0.0.4"
            }
        },
        "node_modules/@editorjs/warning/node_modules/@codexteam/icons": {
            "version": "0.0.4",
            "resolved": "https://registry.npmjs.org/@codexteam/icons/-/icons-0.0.4.tgz",
            "integrity": "sha512-V8N/TY2TGyas4wLrPIFq7bcow68b3gu8DfDt1+rrHPtXxcexadKauRJL6eQgfG7Z0LCrN4boLRawR4S9gjIh/Q=="
        }
    }
}
