{
    "name": "delimiter",
    "lockfileVersion": 3,
    "requires": true,
    "packages": {
        "": {
            "dependencies": {
                "@editorjs/delimiter": "^1.4"
            }
        },
        "node_modules/@codexteam/icons": {
            "version": "0.0.5",
            "resolved": "https://registry.npmjs.org/@codexteam/icons/-/icons-0.0.5.tgz",
            "integrity": "sha512-s6H2KXhLz2rgbMZSkRm8dsMJvyUNZsEjxobBEg9ztdrb1B2H3pEzY6iTwI4XUPJWJ3c3qRKwV4TrO3J5jUdoQA=="
        },
        "node_modules/@editorjs/delimiter": {
            "version": "1.4.0",
            "resolved": "https://registry.npmjs.org/@editorjs/delimiter/-/delimiter-1.4.0.tgz",
            "integrity": "sha512-i1Wm3UQsVisM7Fh9focJ1a4kX2l7IxO3zrEd+GmYoPVaNwxb/63GLNbGfCCGZBuvUyzeUDnc8cdhD1QQGwUZIg==",
            "dependencies": {
                "@codexteam/icons": "^0.0.5"
            }
        }
    }
}
