{
    "name": "header",
    "lockfileVersion": 3,
    "requires": true,
    "packages": {
        "": {
            "dependencies": {
                "@editorjs/header": "^2.8"
            }
        },
        "node_modules/@codexteam/icons": {
            "version": "0.0.5",
            "resolved": "https://registry.npmjs.org/@codexteam/icons/-/icons-0.0.5.tgz",
            "integrity": "sha512-s6H2KXhLz2rgbMZSkRm8dsMJvyUNZsEjxobBEg9ztdrb1B2H3pEzY6iTwI4XUPJWJ3c3qRKwV4TrO3J5jUdoQA=="
        },
        "node_modules/@editorjs/header": {
            "version": "2.8.1",
            "resolved": "https://registry.npmjs.org/@editorjs/header/-/header-2.8.1.tgz",
            "integrity": "sha512-y0HVXRP7m2W617CWo3fsb5HhXmSLaRpb9GzFx0Vkp/HEm9Dz5YO1s8tC7R8JD3MskwoYh7V0hRFQt39io/r6hA==",
            "dependencies": {
                "@codexteam/icons": "^0.0.5"
            }
        }
    }
}
