{
    "name": "assets",
    "lockfileVersion": 3,
    "requires": true,
    "packages": {
        "": {
            "dependencies": {
                "@editorjs/editorjs": "^2.28"
            }
        },
        "node_modules/@editorjs/editorjs": {
            "version": "2.28.2",
            "resolved": "https://registry.npmjs.org/@editorjs/editorjs/-/editorjs-2.28.2.tgz",
            "integrity": "sha512-g6V0Nd3W9IIWMpvxDNTssQ6e4kxBp1Y0W4GIf8cXRlmcBp3TUjrgCYJQmNy3l2a6ZzhyBAoVSe8krJEq4g7PQw=="
        }
    }
}
