{
    "name": "assets",
    "lockfileVersion": 3,
    "requires": true,
    "packages": {
        "": {
            "dependencies": {
                "@editorjs/attaches": "^1.3",
                "@editorjs/code": "^2.9",
                "@editorjs/delimiter": "^1.4",
                "@editorjs/embed": "^2.7",
                "@editorjs/header": "^2.8",
                "@editorjs/image": "^2.9",
                "@editorjs/inline-code": "^1.5",
                "@editorjs/list": "^1.9",
                "@editorjs/marker": "^1.4",
                "@editorjs/paragraph": "^2.11",
                "@editorjs/quote": "^2.6",
                "@editorjs/raw": "^2.5",
                "@editorjs/table": "^2.3",
                "@editorjs/underline": "^1.1",
                "@editorjs/warning": "^1.4"
            }
        },
        "node_modules/@codexteam/icons": {
            "version": "0.0.5",
            "resolved": "https://registry.npmjs.org/@codexteam/icons/-/icons-0.0.5.tgz",
            "integrity": "sha512-s6H2KXhLz2rgbMZSkRm8dsMJvyUNZsEjxobBEg9ztdrb1B2H3pEzY6iTwI4XUPJWJ3c3qRKwV4TrO3J5jUdoQA=="
        },
        "node_modules/@editorjs/attaches": {
            "version": "1.3.0",
            "resolved": "https://registry.npmjs.org/@editorjs/attaches/-/attaches-1.3.0.tgz",
            "integrity": "sha512-D+dj55EsC5bvXV///Dh/+KN4unuI0j6SU3f5QcMA5zrfda47PNKwbKOuwMBJwn0O+o5qwqrFv67g98lAo2qqVQ==",
            "dependencies": {
                "@codexteam/icons": "^0.0.4"
            }
        },
        "node_modules/@editorjs/attaches/node_modules/@codexteam/icons": {
            "version": "0.0.4",
            "resolved": "https://registry.npmjs.org/@codexteam/icons/-/icons-0.0.4.tgz",
            "integrity": "sha512-V8N/TY2TGyas4wLrPIFq7bcow68b3gu8DfDt1+rrHPtXxcexadKauRJL6eQgfG7Z0LCrN4boLRawR4S9gjIh/Q=="
        },
        "node_modules/@editorjs/code": {
            "version": "2.9.0",
            "resolved": "https://registry.npmjs.org/@editorjs/code/-/code-2.9.0.tgz",
            "integrity": "sha512-QNOWxF29j6mYl/gM5HJzeGOt3s4laoZCUbuRqj6RkIvLBWMU+ASwjckEiouA61hcYUOMfpw4vQjzhsfC7xm/vA==",
            "dependencies": {
                "@codexteam/icons": "^0.0.5"
            }
        },
        "node_modules/@editorjs/delimiter": {
            "version": "1.4.0",
            "resolved": "https://registry.npmjs.org/@editorjs/delimiter/-/delimiter-1.4.0.tgz",
            "integrity": "sha512-i1Wm3UQsVisM7Fh9focJ1a4kX2l7IxO3zrEd+GmYoPVaNwxb/63GLNbGfCCGZBuvUyzeUDnc8cdhD1QQGwUZIg==",
            "dependencies": {
                "@codexteam/icons": "^0.0.5"
            }
        },
        "node_modules/@editorjs/embed": {
            "version": "2.7.0",
            "resolved": "https://registry.npmjs.org/@editorjs/embed/-/embed-2.7.0.tgz",
            "integrity": "sha512-FieA8YKnqAMX+4Ng6VeusuuuyMg1cX4vADoEKcQVM0LHy2hC17ztNGZh8UHEfrjUwbfJDSr/cPhT0LRGrwTd8g=="
        },
        "node_modules/@editorjs/header": {
            "version": "2.8.1",
            "resolved": "https://registry.npmjs.org/@editorjs/header/-/header-2.8.1.tgz",
            "integrity": "sha512-y0HVXRP7m2W617CWo3fsb5HhXmSLaRpb9GzFx0Vkp/HEm9Dz5YO1s8tC7R8JD3MskwoYh7V0hRFQt39io/r6hA==",
            "dependencies": {
                "@codexteam/icons": "^0.0.5"
            }
        },
        "node_modules/@editorjs/image": {
            "version": "2.9.0",
            "resolved": "https://registry.npmjs.org/@editorjs/image/-/image-2.9.0.tgz",
            "integrity": "sha512-xItihKJFiWJ06SMtLWQZvzHv4LRPNAFZYaHAXesBFzXvWwUrtVaVMcNSf0eNnw3InrPO3Po1vZRRgpsT+Ya3Bg==",
            "dependencies": {
                "@codexteam/icons": "^0.0.6"
            }
        },
        "node_modules/@editorjs/image/node_modules/@codexteam/icons": {
            "version": "0.0.6",
            "resolved": "https://registry.npmjs.org/@codexteam/icons/-/icons-0.0.6.tgz",
            "integrity": "sha512-L7Q5PET8PjKcBT5wp7VR+FCjwCi5PUp7rd/XjsgQ0CI5FJz0DphyHGRILMuDUdCW2MQT9NHbVr4QP31vwAkS/A=="
        },
        "node_modules/@editorjs/inline-code": {
            "version": "1.5.0",
            "resolved": "https://registry.npmjs.org/@editorjs/inline-code/-/inline-code-1.5.0.tgz",
            "integrity": "sha512-5i6BCOG8eOg4/6qGoLJuL6XSZZg834zIByDW8K80doM1L7ss/VqtLY0nrB2Q5bfs1KA0tOlVHOfjE4JD4438FQ==",
            "dependencies": {
                "@codexteam/icons": "^0.0.5"
            }
        },
        "node_modules/@editorjs/list": {
            "version": "1.9.0",
            "resolved": "https://registry.npmjs.org/@editorjs/list/-/list-1.9.0.tgz",
            "integrity": "sha512-BQEvZW4vi0O0dBvGNljiKxiE89vMSHoM2Tu2OzKUndoj7pY9AxqpgCh1qvwIVsJAlG4Lbt/vBFQilnoStMmI6A==",
            "dependencies": {
                "@codexteam/icons": "^0.0.4"
            }
        },
        "node_modules/@editorjs/list/node_modules/@codexteam/icons": {
            "version": "0.0.4",
            "resolved": "https://registry.npmjs.org/@codexteam/icons/-/icons-0.0.4.tgz",
            "integrity": "sha512-V8N/TY2TGyas4wLrPIFq7bcow68b3gu8DfDt1+rrHPtXxcexadKauRJL6eQgfG7Z0LCrN4boLRawR4S9gjIh/Q=="
        },
        "node_modules/@editorjs/marker": {
            "version": "1.4.0",
            "resolved": "https://registry.npmjs.org/@editorjs/marker/-/marker-1.4.0.tgz",
            "integrity": "sha512-5ipEXfL44jTTRzgNp/p/YjMO7jT08S5z4V8qA3FFJTfdhKgQyM3mvP1zpdYKw47ZZpVWMCncvk5Nto3BxihEtg==",
            "dependencies": {
                "@codexteam/icons": "^0.0.5"
            }
        },
        "node_modules/@editorjs/paragraph": {
            "version": "2.11.3",
            "resolved": "https://registry.npmjs.org/@editorjs/paragraph/-/paragraph-2.11.3.tgz",
            "integrity": "sha512-ON72lhvhgWzPrq4VXpHUeut9bsFeJgVATDeL850FVToOwYHKvdsNpfu0VgxEodhkXgzU/IGl4FzdqC2wd3AJUQ==",
            "dependencies": {
                "@codexteam/icons": "^0.0.4"
            }
        },
        "node_modules/@editorjs/paragraph/node_modules/@codexteam/icons": {
            "version": "0.0.4",
            "resolved": "https://registry.npmjs.org/@codexteam/icons/-/icons-0.0.4.tgz",
            "integrity": "sha512-V8N/TY2TGyas4wLrPIFq7bcow68b3gu8DfDt1+rrHPtXxcexadKauRJL6eQgfG7Z0LCrN4boLRawR4S9gjIh/Q=="
        },
        "node_modules/@editorjs/quote": {
            "version": "2.6.0",
            "resolved": "https://registry.npmjs.org/@editorjs/quote/-/quote-2.6.0.tgz",
            "integrity": "sha512-8DiCMBT4n4UDV5bgzvfRH26HmL6YWddGC4+twvjhR+PzX0gwrnY8nFifvro79EeSqxwRtFjjlGnu5I0VTfw5aQ==",
            "dependencies": {
                "@codexteam/icons": "^0.0.5"
            }
        },
        "node_modules/@editorjs/raw": {
            "version": "2.5.0",
            "resolved": "https://registry.npmjs.org/@editorjs/raw/-/raw-2.5.0.tgz",
            "integrity": "sha512-ZOYKgR/sutOXHQ4uaWg8KzZ6yFJZCMTndezlN257GGsQ3Sa3ERcK9wZHKgAMNXaDhdKx9fDuojxRRcYvz6l9aQ==",
            "dependencies": {
                "@codexteam/icons": "^0.0.4"
            }
        },
        "node_modules/@editorjs/raw/node_modules/@codexteam/icons": {
            "version": "0.0.4",
            "resolved": "https://registry.npmjs.org/@codexteam/icons/-/icons-0.0.4.tgz",
            "integrity": "sha512-V8N/TY2TGyas4wLrPIFq7bcow68b3gu8DfDt1+rrHPtXxcexadKauRJL6eQgfG7Z0LCrN4boLRawR4S9gjIh/Q=="
        },
        "node_modules/@editorjs/table": {
            "version": "2.3.0",
            "resolved": "https://registry.npmjs.org/@editorjs/table/-/table-2.3.0.tgz",
            "integrity": "sha512-/dKE6A5FkukX/FpvIyQGsewwXglZk8YbXpEp9vkB6Ec4ETLeGJMxObCcYqbXqVod+IU/a1tFH+j3lsD8ASD41g==",
            "dependencies": {
                "@codexteam/icons": "^0.0.6"
            }
        },
        "node_modules/@editorjs/table/node_modules/@codexteam/icons": {
            "version": "0.0.6",
            "resolved": "https://registry.npmjs.org/@codexteam/icons/-/icons-0.0.6.tgz",
            "integrity": "sha512-L7Q5PET8PjKcBT5wp7VR+FCjwCi5PUp7rd/XjsgQ0CI5FJz0DphyHGRILMuDUdCW2MQT9NHbVr4QP31vwAkS/A=="
        },
        "node_modules/@editorjs/underline": {
            "version": "1.1.0",
            "resolved": "https://registry.npmjs.org/@editorjs/underline/-/underline-1.1.0.tgz",
            "integrity": "sha512-vQj2ROW1KreD31QHlhaPikmDJGWYzRBusN4Zyfwl9nIIQCByt4S8fZQpsrRvH4sct5mkirsHllNT00rJlqHK7Q==",
            "dependencies": {
                "@codexteam/icons": "^0.0.6"
            }
        },
        "node_modules/@editorjs/underline/node_modules/@codexteam/icons": {
            "version": "0.0.6",
            "resolved": "https://registry.npmjs.org/@codexteam/icons/-/icons-0.0.6.tgz",
            "integrity": "sha512-L7Q5PET8PjKcBT5wp7VR+FCjwCi5PUp7rd/XjsgQ0CI5FJz0DphyHGRILMuDUdCW2MQT9NHbVr4QP31vwAkS/A=="
        },
        "node_modules/@editorjs/warning": {
            "version": "1.4.0",
            "resolved": "https://registry.npmjs.org/@editorjs/warning/-/warning-1.4.0.tgz",
            "integrity": "sha512-JMYm3hrmN4/S6aHBHzKsJab9+8AJRPaPh9wDGE6QrVF3dj2fCo/DZcc0MaT5TN4YI5Hu4GKBH52wOKFGOyAuoA==",
            "dependencies": {
                "@codexteam/icons": "^0.0.4"
            }
        },
        "node_modules/@editorjs/warning/node_modules/@codexteam/icons": {
            "version": "0.0.4",
            "resolved": "https://registry.npmjs.org/@codexteam/icons/-/icons-0.0.4.tgz",
            "integrity": "sha512-V8N/TY2TGyas4wLrPIFq7bcow68b3gu8DfDt1+rrHPtXxcexadKauRJL6eQgfG7Z0LCrN4boLRawR4S9gjIh/Q=="
        }
    }
}
