{
    "name": "tunes",
    "lockfileVersion": 3,
    "requires": true,
    "packages": {
        "": {
            "dependencies": {
                "@editorjs/marker": "^1.4"
            }
        },
        "node_modules/@codexteam/icons": {
            "version": "0.0.5",
            "resolved": "https://registry.npmjs.org/@codexteam/icons/-/icons-0.0.5.tgz",
            "integrity": "sha512-s6H2KXhLz2rgbMZSkRm8dsMJvyUNZsEjxobBEg9ztdrb1B2H3pEzY6iTwI4XUPJWJ3c3qRKwV4TrO3J5jUdoQA=="
        },
        "node_modules/@editorjs/marker": {
            "version": "1.4.0",
            "resolved": "https://registry.npmjs.org/@editorjs/marker/-/marker-1.4.0.tgz",
            "integrity": "sha512-5ipEXfL44jTTRzgNp/p/YjMO7jT08S5z4V8qA3FFJTfdhKgQyM3mvP1zpdYKw47ZZpVWMCncvk5Nto3BxihEtg==",
            "dependencies": {
                "@codexteam/icons": "^0.0.5"
            }
        }
    }
}
